// !$*UTF8*$!
{
	archiveVersion = 1;
	classes = {
	};
	objectVersion = 77;
	objects = {

/* Begin PBXContainerItemProxy section */
		4F69D39B2FEEA3BA00018860 /* PBXContainerItemProxy */ = {
			isa = PBXContainerItemProxy;
			containerPortal = 4F69D3852FEEA3B800018860 /* Project object */;
			proxyType = 1;
			remoteGlobalIDString = 4F69D38C2FEEA3B800018860;
			remoteInfo = PureNoteStudio;
		};
		4F69D3A52FEEA3BA00018860 /* PBXContainerItemProxy */ = {
			isa = PBXContainerItemProxy;
			containerPortal = 4F69D3852FEEA3B800018860 /* Project object */;
			proxyType = 1;
			remoteGlobalIDString = 4F69D38C2FEEA3B800018860;
			remoteInfo = PureNoteStudio;
		};
/* End PBXContainerItemProxy section */

/* Begin PBXFileReference section */
		4F69D38D2FEEA3B800018860 /* PureNoteStudio.app */ = {isa = PBXFileReference; explicitFileType = wrapper.application; includeInIndex = 0; path = PureNoteStudio.app; sourceTree = BUILT_PRODUCTS_DIR; };
		4F69D39A2FEEA3BA00018860 /* PureNoteStudioTests.xctest */ = {isa = PBXFileReference; explicitFileType = wrapper.cfbundle; includeInIndex = 0; path = PureNoteStudioTests.xctest; sourceTree = BUILT_PRODUCTS_DIR; };
		4F69D3A42FEEA3BA00018860 /* PureNoteStudioUITests.xctest */ = {isa = PBXFileReference; explicitFileType = wrapper.cfbundle; includeInIndex = 0; path = PureNoteStudioUITests.xctest; sourceTree = BUILT_PRODUCTS_DIR; };
/* End PBXFileReference section */

/* Begin PBXFileSystemSynchronizedBuildFileExceptionSet section */
		4F2053A12FF4FB19007DB43C /* Exceptions for "PureNoteStudio" folder in "PureNoteStudio" target */ = {
			isa = PBXFileSystemSynchronizedBuildFileExceptionSet;
			membershipExceptions = (
				Info.plist,
			);
			target = 4F69D38C2FEEA3B800018860 /* PureNoteStudio */;
		};
/* End PBXFileSystemSynchronizedBuildFileExceptionSet section */

/* Begin PBXFileSystemSynchronizedRootGroup section */
		4F69D38F2FEEA3B800018860 /* PureNoteStudio */ = {
			isa = PBXFileSystemSynchronizedRootGroup;
			exceptions = (
				4F2053A12FF4FB19007DB43C /* Exceptions for "PureNoteStudio" folder in "PureNoteStudio" target */,
			);
			path = PureNoteStudio;
			sourceTree = "<group>";
		};
		4F69D39D2FEEA3BA00018860 /* PureNoteStudioTests */ = {
			isa = PBXFileSystemSynchronizedRootGroup;
			path = PureNoteStudioTests;
			sourceTree = "<group>";
		};
		4F69D3A72FEEA3BA00018860 /* PureNoteStudioUITests */ = {
			isa = PBXFileSystemSynchronizedRootGroup;
			path = PureNoteStudioUITests;
			sourceTree = "<group>";
		};
/* End PBXFileSystemSynchronizedRootGroup section */

/* Begin PBXFrameworksBuildPhase section */
		4F69D38A2FEEA3B800018860 /* Frameworks */ = {
			isa = PBXFrameworksBuildPhase;
			buildActionMask = 2147483647;
			files = (
			);
			runOnlyForDeploymentPostprocessing = 0;
		};
		4F69D3972FEEA3BA00018860 /* Frameworks */ = {
			isa = PBXFrameworksBuildPhase;
			buildActionMask = 2147483647;
			files = (
			);
			runOnlyForDeploymentPostprocessing = 0;
		};
		4F69D3A12FEEA3BA00018860 /* Frameworks */ = {
			isa = PBXFrameworksBuildPhase;
			buildActionMask = 2147483647;
			files = (
			);
			runOnlyForDeploymentPostprocessing = 0;
		};
/* End PBXFrameworksBuildPhase section */

/* Begin PBXGroup section */
		4F69D3842FEEA3B800018860 = {
			isa = PBXGroup;
			children = (
				4F69D38F2FEEA3B800018860 /* PureNoteStudio */,
				4F69D39D2FEEA3BA00018860 /* PureNoteStudioTests */,
				4F69D3A72FEEA3BA00018860 /* PureNoteStudioUITests */,
				4F69D38E2FEEA3B800018860 /* Products */,
			);
			sourceTree = "<group>";
		};
		4F69D38E2FEEA3B800018860 /* Products */ = {
			isa = PBXGroup;
			children = (
				4F69D38D2FEEA3B800018860 /* PureNoteStudio.app */,
				4F69D39A2FEEA3BA00018860 /* PureNoteStudioTests.xctest */,
				4F69D3A42FEEA3BA00018860 /* PureNoteStudioUITests.xctest */,
			);
			name = Products;
			sourceTree = "<group>";
		};
/* End PBXGroup section */

/* Begin PBXNativeTarget section */
		4F69D38C2FEEA3B800018860 /* PureNoteStudio */ = {
			isa = PBXNativeTarget;
			buildConfigurationList = 4F69D3AE2FEEA3BA00018860 /* Build configuration list for PBXNativeTarget "PureNoteStudio" */;
			buildPhases = (
				4F69D3892FEEA3B800018860 /* Sources */,
				4F69D38A2FEEA3B800018860 /* Frameworks */,
				4F69D38B2FEEA3B800018860 /* Resources */,
			);
			buildRules = (
			);
			dependencies = (
			);
			fileSystemSynchronizedGroups = (
				4F69D38F2FEEA3B800018860 /* PureNoteStudio */,
			);
			name = PureNoteStudio;
			packageProductDependencies = (
			);
			productName = PureNoteStudio;
			productReference = 4F69D38D2FEEA3B800018860 /* PureNoteStudio.app */;
			productType = "com.apple.product-type.application";
		};
		4F69D3992FEEA3BA00018860 /* PureNoteStudioTests */ = {
			isa = PBXNativeTarget;
			buildConfigurationList = 4F69D3B12FEEA3BA00018860 /* Build configuration list for PBXNativeTarget "PureNoteStudioTests" */;
			buildPhases = (
				4F69D3962FEEA3BA00018860 /* Sources */,
				4F69D3972FEEA3BA00018860 /* Frameworks */,
				4F69D3982FEEA3BA00018860 /* Resources */,
			);
			buildRules = (
			);
			dependencies = (
				4F69D39C2FEEA3BA00018860 /* PBXTargetDependency */,
			);
			fileSystemSynchronizedGroups = (
				4F69D39D2FEEA3BA00018860 /* PureNoteStudioTests */,
			);
			name = PureNoteStudioTests;
			packageProductDependencies = (
			);
			productName = PureNoteStudioTests;
			productReference = 4F69D39A2FEEA3BA00018860 /* PureNoteStudioTests.xctest */;
			productType = "com.apple.product-type.bundle.unit-test";
		};
		4F69D3A32FEEA3BA00018860 /* PureNoteStudioUITests */ = {
			isa = PBXNativeTarget;
			buildConfigurationList = 4F69D3B42FEEA3BA00018860 /* Build configuration list for PBXNativeTarget "PureNoteStudioUITests" */;
			buildPhases = (
				4F69D3A02FEEA3BA00018860 /* Sources */,
				4F69D3A12FEEA3BA00018860 /* Frameworks */,
				4F69D3A22FEEA3BA00018860 /* Resources */,
			);
			buildRules = (
			);
			dependencies = (
				4F69D3A62FEEA3BA00018860 /* PBXTargetDependency */,
			);
			fileSystemSynchronizedGroups = (
				4F69D3A72FEEA3BA00018860 /* PureNoteStudioUITests */,
			);
			name = PureNoteStudioUITests;
			packageProductDependencies = (
			);
			productName = PureNoteStudioUITests;
			productReference = 4F69D3A42FEEA3BA00018860 /* PureNoteStudioUITests.xctest */;
			productType = "com.apple.product-type.bundle.ui-testing";
		};
/* End PBXNativeTarget section */

/* Begin PBXProject section */
		4F69D3852FEEA3B800018860 /* Project object */ = {
			isa = PBXProject;
			attributes = {
				BuildIndependentTargetsInParallel = 1;
				LastSwiftUpdateCheck = 2640;
				LastUpgradeCheck = 2640;
				TargetAttributes = {
					4F69D38C2FEEA3B800018860 = {
						CreatedOnToolsVersion = 26.4.1;
					};
					4F69D3992FEEA3BA00018860 = {
						CreatedOnToolsVersion = 26.4.1;
						TestTargetID = 4F69D38C2FEEA3B800018860;
					};
					4F69D3A32FEEA3BA00018860 = {
						CreatedOnToolsVersion = 26.4.1;
						TestTargetID = 4F69D38C2FEEA3B800018860;
					};
				};
			};
			buildConfigurationList = 4F69D3882FEEA3B800018860 /* Build configuration list for PBXProject "PureNoteStudio" */;
			developmentRegion = en;
			hasScannedForEncodings = 0;
			knownRegions = (
				en,
				Base,
			);
			mainGroup = 4F69D3842FEEA3B800018860;
			minimizedProjectReferenceProxies = 1;
			preferredProjectObjectVersion = 77;
			productRefGroup = 4F69D38E2FEEA3B800018860 /* Products */;
			projectDirPath = "";
			projectRoot = "";
			targets = (
				4F69D38C2FEEA3B800018860 /* PureNoteStudio */,
				4F69D3992FEEA3BA00018860 /* PureNoteStudioTests */,
				4F69D3A32FEEA3BA00018860 /* PureNoteStudioUITests */,
			);
		};
/* End PBXProject section */

/* Begin PBXResourcesBuildPhase section */
		4F69D38B2FEEA3B800018860 /* Resources */ = {
			isa = PBXResourcesBuildPhase;
			buildActionMask = 2147483647;
			files = (
			);
			runOnlyForDeploymentPostprocessing = 0;
		};
		4F69D3982FEEA3BA00018860 /* Resources */ = {
			isa = PBXResourcesBuildPhase;
			buildActionMask = 2147483647;
			files = (
			);
			runOnlyForDeploymentPostprocessing = 0;
		};
		4F69D3A22FEEA3BA00018860 /* Resources */ = {
			isa = PBXResourcesBuildPhase;
			buildActionMask = 2147483647;
			files = (
			);
			runOnlyForDeploymentPostprocessing = 0;
		};
/* End PBXResourcesBuildPhase section */

/* Begin PBXSourcesBuildPhase section */
		4F69D3892FEEA3B800018860 /* Sources */ = {
			isa = PBXSourcesBuildPhase;
			buildActionMask = 2147483647;
			files = (
			);
			runOnlyForDeploymentPostprocessing = 0;
		};
		4F69D3962FEEA3BA00018860 /* Sources */ = {
			isa = PBXSourcesBuildPhase;
			buildActionMask = 2147483647;
			files = (
			);
			runOnlyForDeploymentPostprocessing = 0;
		};
		4F69D3A02FEEA3BA00018860 /* Sources */ = {
			isa = PBXSourcesBuildPhase;
			buildActionMask = 2147483647;
			files = (
			);
			runOnlyForDeploymentPostprocessing = 0;
		};
/* End PBXSourcesBuildPhase section */

/* Begin PBXTargetDependency section */
		4F69D39C2FEEA3BA00018860 /* PBXTargetDependency */ = {
			isa = PBXTargetDependency;
			target = 4F69D38C2FEEA3B800018860 /* PureNoteStudio */;
			targetProxy = 4F69D39B2FEEA3BA00018860 /* PBXContainerItemProxy */;
		};
		4F69D3A62FEEA3BA00018860 /* PBXTargetDependency */ = {
			isa = PBXTargetDependency;
			target = 4F69D38C2FEEA3B800018860 /* PureNoteStudio */;
			targetProxy = 4F69D3A52FEEA3BA00018860 /* PBXContainerItemProxy */;
		};
/* End PBXTargetDependency section */

/* Begin XCBuildConfiguration section */
		4F69D3AC2FEEA3BA00018860 /* Debug */ = {
			isa = XCBuildConfiguration;
			buildSettings = {
				ALWAYS_SEARCH_USER_PATHS = NO;
				ASSETCATALOG_COMPILER_GENERATE_SWIFT_ASSET_SYMBOL_EXTENSIONS = YES;
				CLANG_ANALYZER_NONNULL = YES;
				CLANG_ANALYZER_NUMBER_OBJECT_CONVERSION = YES_AGGRESSIVE;
				CLANG_CXX_LANGUAGE_STANDARD = "gnu++20";
				CLANG_ENABLE_MODULES = YES;
				CLANG_ENABLE_OBJC_ARC = YES;
				CLANG_ENABLE_OBJC_WEAK = YES;
				CLANG_WARN_BLOCK_CAPTURE_AUTORELEASING = YES;
				CLANG_WARN_BOOL_CONVERSION = YES;
				CLANG_WARN_COMMA = YES;
				CLANG_WARN_CONSTANT_CONVERSION = YES;
				CLANG_WARN_DEPRECATED_OBJC_IMPLEMENTATIONS = YES;
				CLANG_WARN_DIRECT_OBJC_ISA_USAGE = YES_ERROR;
				CLANG_WARN_DOCUMENTATION_COMMENTS = YES;
				CLANG_WARN_EMPTY_BODY = YES;
				CLANG_WARN_ENUM_CONVERSION = YES;
				CLANG_WARN_INFINITE_RECURSION = YES;
				CLANG_WARN_INT_CONVERSION = YES;
				CLANG_WARN_NON_LITERAL_NULL_CONVERSION = YES;
				CLANG_WARN_OBJC_IMPLICIT_RETAIN_SELF = YES;
				CLANG_WARN_OBJC_LITERAL_CONVERSION = YES;
				CLANG_WARN_OBJC_ROOT_CLASS = YES_ERROR;
				CLANG_WARN_QUOTED_INCLUDE_IN_FRAMEWORK_HEADER = YES;
				CLANG_WARN_RANGE_LOOP_ANALYSIS = YES;
				CLANG_WARN_STRICT_PROTOTYPES = YES;
				CLANG_WARN_SUSPICIOUS_MOVE = YES;
				CLANG_WARN_UNGUARDED_AVAILABILITY = YES_AGGRESSIVE;
				CLANG_WARN_UNREACHABLE_CODE = YES;
				CLANG_WARN__DUPLICATE_METHOD_MATCH = YES;
				COPY_PHASE_STRIP = NO;
				DEBUG_INFORMATION_FORMAT = dwarf;
				DEVELOPMENT_TEAM = 7U7CA9M6T2;
				ENABLE_STRICT_OBJC_MSGSEND = YES;
				ENABLE_TESTABILITY = YES;
				ENABLE_USER_SCRIPT_SANDBOXING = YES;
				GCC_C_LANGUAGE_STANDARD = gnu17;
				GCC_DYNAMIC_NO_PIC = NO;
				GCC_NO_COMMON_BLOCKS = YES;
				GCC_OPTIMIZATION_LEVEL = 0;
				GCC_PREPROCESSOR_DEFINITIONS = (
					"DEBUG=1",
					"$(inherited)",
				);
				GCC_WARN_64_TO_32_BIT_CONVERSION = YES;
				GCC_WARN_ABOUT_RETURN_TYPE = YES_ERROR;
				GCC_WARN_UNDECLARED_SELECTOR = YES;
				GCC_WARN_UNINITIALIZED_AUTOS = YES_AGGRESSIVE;
				GCC_WARN_UNUSED_FUNCTION = YES;
				GCC_WARN_UNUSED_VARIABLE = YES;
				IPHONEOS_DEPLOYMENT_TARGET = 26.4;
				LOCALIZATION_PREFERS_STRING_CATALOGS = YES;
				MTL_ENABLE_DEBUG_INFO = INCLUDE_SOURCE;
				MTL_FAST_MATH = YES;
				ONLY_ACTIVE_ARCH = YES;
				SDKROOT = iphoneos;
				SWIFT_ACTIVE_COMPILATION_CONDITIONS = "DEBUG $(inherited)";
				SWIFT_OPTIMIZATION_LEVEL = "-Onone";
			};
			name = Debug;
		};
		4F69D3AD2FEEA3BA00018860 /* Release */ = {
			isa = XCBuildConfiguration;
			buildSettings = {
				ALWAYS_SEARCH_USER_PATHS = NO;
				ASSETCATALOG_COMPILER_GENERATE_SWIFT_ASSET_SYMBOL_EXTENSIONS = YES;
				CLANG_ANALYZER_NONNULL = YES;
				CLANG_ANALYZER_NUMBER_OBJECT_CONVERSION = YES_AGGRESSIVE;
				CLANG_CXX_LANGUAGE_STANDARD = "gnu++20";
				CLANG_ENABLE_MODULES = YES;
				CLANG_ENABLE_OBJC_ARC = YES;
				CLANG_ENABLE_OBJC_WEAK = YES;
				CLANG_WARN_BLOCK_CAPTURE_AUTORELEASING = YES;
				CLANG_WARN_BOOL_CONVERSION = YES;
				CLANG_WARN_COMMA = YES;
				CLANG_WARN_CONSTANT_CONVERSION = YES;
				CLANG_WARN_DEPRECATED_OBJC_IMPLEMENTATIONS = YES;
				CLANG_WARN_DIRECT_OBJC_ISA_USAGE = YES_ERROR;
				CLANG_WARN_DOCUMENTATION_COMMENTS = YES;
				CLANG_WARN_EMPTY_BODY = YES;
				CLANG_WARN_ENUM_CONVERSION = YES;
				CLANG_WARN_INFINITE_RECURSION = YES;
				CLANG_WARN_INT_CONVERSION = YES;
				CLANG_WARN_NON_LITERAL_NULL_CONVERSION = YES;
				CLANG_WARN_OBJC_IMPLICIT_RETAIN_SELF = YES;
				CLANG_WARN_OBJC_LITERAL_CONVERSION = YES;
				CLANG_WARN_OBJC_ROOT_CLASS = YES_ERROR;
				CLANG_WARN_QUOTED_INCLUDE_IN_FRAMEWORK_HEADER = YES;
				CLANG_WARN_RANGE_LOOP_ANALYSIS = YES;
				CLANG_WARN_STRICT_PROTOTYPES = YES;
				CLANG_WARN_SUSPICIOUS_MOVE = YES;
				CLANG_WARN_UNGUARDED_AVAILABILITY = YES_AGGRESSIVE;
				CLANG_WARN_UNREACHABLE_CODE = YES;
				CLANG_WARN__DUPLICATE_METHOD_MATCH = YES;
				COPY_PHASE_STRIP = NO;
				DEBUG_INFORMATION_FORMAT = "dwarf-with-dsym";
				DEVELOPMENT_TEAM = 7U7CA9M6T2;
				ENABLE_NS_ASSERTIONS = NO;
				ENABLE_STRICT_OBJC_MSGSEND = YES;
				ENABLE_USER_SCRIPT_SANDBOXING = YES;
				GCC_C_LANGUAGE_STANDARD = gnu17;
				GCC_NO_COMMON_BLOCKS = YES;
				GCC_WARN_64_TO_32_BIT_CONVERSION = YES;
				GCC_WARN_ABOUT_RETURN_TYPE = YES_ERROR;
				GCC_WARN_UNDECLARED_SELECTOR = YES;
				GCC_WARN_UNINITIALIZED_AUTOS = YES_AGGRESSIVE;
				GCC_WARN_UNUSED_FUNCTION = YES;
				GCC_WARN_UNUSED_VARIABLE = YES;
				IPHONEOS_DEPLOYMENT_TARGET = 26.4;
				LOCALIZATION_PREFERS_STRING_CATALOGS = YES;
				MTL_ENABLE_DEBUG_INFO = NO;
				MTL_FAST_MATH = YES;
				SDKROOT = iphoneos;
				SWIFT_COMPILATION_MODE = wholemodule;
				VALIDATE_PRODUCT = YES;
			};
			name = Release;
		};
		4F69D3AF2FEEA3BA00018860 /* Debug */ = {
			isa = XCBuildConfiguration;
			buildSettings = {
				ASSETCATALOG_COMPILER_APPICON_NAME = AppIcon;
				ASSETCATALOG_COMPILER_GLOBAL_ACCENT_COLOR_NAME = AccentColor;
				CODE_SIGN_STYLE = Automatic;
				CURRENT_PROJECT_VERSION = 1;
				DEVELOPMENT_TEAM = 7U7CA9M6T2;
				ENABLE_PREVIEWS = YES;
				GENERATE_INFOPLIST_FILE = YES;
				INFOPLIST_FILE = PureNoteStudio/Info.plist;
				INFOPLIST_KEY_UIApplicationSceneManifest_Generation = YES;
				INFOPLIST_KEY_UIApplicationSupportsIndirectInputEvents = YES;
				INFOPLIST_KEY_UILaunchScreen_Generation = YES;
				INFOPLIST_KEY_UISupportedInterfaceOrientations_iPad = "UIInterfaceOrientationPortrait UIInterfaceOrientationPortraitUpsideDown UIInterfaceOrientationLandscapeLeft UIInterfaceOrientationLandscapeRight";
				INFOPLIST_KEY_UISupportedInterfaceOrientations_iPhone = "UIInterfaceOrientationPortrait UIInterfaceOrientationLandscapeLeft UIInterfaceOrientationLandscapeRight";
				LD_RUNPATH_SEARCH_PATHS = (
					"$(inherited)",
					"@executable_path/Frameworks",
				);
				MARKETING_VERSION = 1.0;
				PRODUCT_BUNDLE_IDENTIFIER = com.semihtakilan.PureNoteStudio;
				PRODUCT_NAME = "$(TARGET_NAME)";
				STRING_CATALOG_GENERATE_SYMBOLS = YES;
				SWIFT_APPROACHABLE_CONCURRENCY = YES;
				SWIFT_DEFAULT_ACTOR_ISOLATION = MainActor;
				SWIFT_EMIT_LOC_STRINGS = YES;
				SWIFT_UPCOMING_FEATURE_MEMBER_IMPORT_VISIBILITY = YES;
				SWIFT_VERSION = 5.0;
				TARGETED_DEVICE_FAMILY = "1,2";
			};
			name = Debug;
		};
		4F69D3B02FEEA3BA00018860 /* Release */ = {
			isa = XCBuildConfiguration;
			buildSettings = {
				ASSETCATALOG_COMPILER_APPICON_NAME = AppIcon;
				ASSETCATALOG_COMPILER_GLOBAL_ACCENT_COLOR_NAME = AccentColor;
				CODE_SIGN_STYLE = Automatic;
				CURRENT_PROJECT_VERSION = 1;
				DEVELOPMENT_TEAM = 7U7CA9M6T2;
				ENABLE_PREVIEWS = YES;
				GENERATE_INFOPLIST_FILE = YES;
				INFOPLIST_FILE = PureNoteStudio/Info.plist;
				INFOPLIST_KEY_UIApplicationSceneManifest_Generation = YES;
				INFOPLIST_KEY_UIApplicationSupportsIndirectInputEvents = YES;
				INFOPLIST_KEY_UILaunchScreen_Generation = YES;
				INFOPLIST_KEY_UISupportedInterfaceOrientations_iPad = "UIInterfaceOrientationPortrait UIInterfaceOrientationPortraitUpsideDown UIInterfaceOrientationLandscapeLeft UIInterfaceOrientationLandscapeRight";
				INFOPLIST_KEY_UISupportedInterfaceOrientations_iPhone = "UIInterfaceOrientationPortrait UIInterfaceOrientationLandscapeLeft UIInterfaceOrientationLandscapeRight";
				LD_RUNPATH_SEARCH_PATHS = (
					"$(inherited)",
					"@executable_path/Frameworks",
				);
				MARKETING_VERSION = 1.0;
				PRODUCT_BUNDLE_IDENTIFIER = com.semihtakilan.PureNoteStudio;
				PRODUCT_NAME = "$(TARGET_NAME)";
				STRING_CATALOG_GENERATE_SYMBOLS = YES;
				SWIFT_APPROACHABLE_CONCURRENCY = YES;
				SWIFT_DEFAULT_ACTOR_ISOLATION = MainActor;
				SWIFT_EMIT_LOC_STRINGS = YES;
				SWIFT_UPCOMING_FEATURE_MEMBER_IMPORT_VISIBILITY = YES;
				SWIFT_VERSION = 5.0;
				TARGETED_DEVICE_FAMILY = "1,2";
			};
			name = Release;
		};
		4F69D3B22FEEA3BA00018860 /* Debug */ = {
			isa = XCBuildConfiguration;
			buildSettings = {
				BUNDLE_LOADER = "$(TEST_HOST)";
				CODE_SIGN_STYLE = Automatic;
				CURRENT_PROJECT_VERSION = 1;
				DEVELOPMENT_TEAM = 7U7CA9M6T2;
				GENERATE_INFOPLIST_FILE = YES;
				IPHONEOS_DEPLOYMENT_TARGET = 26.4;
				MARKETING_VERSION = 1.0;
				PRODUCT_BUNDLE_IDENTIFIER = com.semihtakilan.PureNoteStudioTests;
				PRODUCT_NAME = "$(TARGET_NAME)";
				STRING_CATALOG_GENERATE_SYMBOLS = NO;
				SWIFT_APPROACHABLE_CONCURRENCY = YES;
				SWIFT_EMIT_LOC_STRINGS = NO;
				SWIFT_UPCOMING_FEATURE_MEMBER_IMPORT_VISIBILITY = YES;
				SWIFT_VERSION = 5.0;
				TARGETED_DEVICE_FAMILY = "1,2";
				TEST_HOST = "$(BUILT_PRODUCTS_DIR)/PureNoteStudio.app/$(BUNDLE_EXECUTABLE_FOLDER_PATH)/PureNoteStudio";
			};
			name = Debug;
		};
		4F69D3B32FEEA3BA00018860 /* Release */ = {
			isa = XCBuildConfiguration;
			buildSettings = {
				BUNDLE_LOADER = "$(TEST_HOST)";
				CODE_SIGN_STYLE = Automatic;
				CURRENT_PROJECT_VERSION = 1;
				DEVELOPMENT_TEAM = 7U7CA9M6T2;
				GENERATE_INFOPLIST_FILE = YES;
				IPHONEOS_DEPLOYMENT_TARGET = 26.4;
				MARKETING_VERSION = 1.0;
				PRODUCT_BUNDLE_IDENTIFIER = com.semihtakilan.PureNoteStudioTests;
				PRODUCT_NAME = "$(TARGET_NAME)";
				STRING_CATALOG_GENERATE_SYMBOLS = NO;
				SWIFT_APPROACHABLE_CONCURRENCY = YES;
				SWIFT_EMIT_LOC_STRINGS = NO;
				SWIFT_UPCOMING_FEATURE_MEMBER_IMPORT_VISIBILITY = YES;
				SWIFT_VERSION = 5.0;
				TARGETED_DEVICE_FAMILY = "1,2";
				TEST_HOST = "$(BUILT_PRODUCTS_DIR)/PureNoteStudio.app/$(BUNDLE_EXECUTABLE_FOLDER_PATH)/PureNoteStudio";
			};
			name = Release;
		};
		4F69D3B52FEEA3BA00018860 /* Debug */ = {
			isa = XCBuildConfiguration;
			buildSettings = {
				CODE_SIGN_STYLE = Automatic;
				CURRENT_PROJECT_VERSION = 1;
				DEVELOPMENT_TEAM = 7U7CA9M6T2;
				GENERATE_INFOPLIST_FILE = YES;
				MARKETING_VERSION = 1.0;
				PRODUCT_BUNDLE_IDENTIFIER = com.semihtakilan.PureNoteStudioUITests;
				PRODUCT_NAME = "$(TARGET_NAME)";
				STRING_CATALOG_GENERATE_SYMBOLS = NO;
				SWIFT_APPROACHABLE_CONCURRENCY = YES;
				SWIFT_EMIT_LOC_STRINGS = NO;
				SWIFT_UPCOMING_FEATURE_MEMBER_IMPORT_VISIBILITY = YES;
				SWIFT_VERSION = 5.0;
				TARGETED_DEVICE_FAMILY = "1,2";
				TEST_TARGET_NAME = PureNoteStudio;
			};
			name = Debug;
		};
		4F69D3B62FEEA3BA00018860 /* Release */ = {
			isa = XCBuildConfiguration;
			buildSettings = {
				CODE_SIGN_STYLE = Automatic;
				CURRENT_PROJECT_VERSION = 1;
				DEVELOPMENT_TEAM = 7U7CA9M6T2;
				GENERATE_INFOPLIST_FILE = YES;
				MARKETING_VERSION = 1.0;
				PRODUCT_BUNDLE_IDENTIFIER = com.semihtakilan.PureNoteStudioUITests;
				PRODUCT_NAME = "$(TARGET_NAME)";
				STRING_CATALOG_GENERATE_SYMBOLS = NO;
				SWIFT_APPROACHABLE_CONCURRENCY = YES;
				SWIFT_EMIT_LOC_STRINGS = NO;
				SWIFT_UPCOMING_FEATURE_MEMBER_IMPORT_VISIBILITY = YES;
				SWIFT_VERSION = 5.0;
				TARGETED_DEVICE_FAMILY = "1,2";
				TEST_TARGET_NAME = PureNoteStudio;
			};
			name = Release;
		};
/* End XCBuildConfiguration section */

/* Begin XCConfigurationList section */
		4F69D3882FEEA3B800018860 /* Build configuration list for PBXProject "PureNoteStudio" */ = {
			isa = XCConfigurationList;
			buildConfigurations = (
				4F69D3AC2FEEA3BA00018860 /* Debug */,
				4F69D3AD2FEEA3BA00018860 /* Release */,
			);
			defaultConfigurationIsVisible = 0;
			defaultConfigurationName = Release;
		};
		4F69D3AE2FEEA3BA00018860 /* Build configuration list for PBXNativeTarget "PureNoteStudio" */ = {
			isa = XCConfigurationList;
			buildConfigurations = (
				4F69D3AF2FEEA3BA00018860 /* Debug */,
				4F69D3B02FEEA3BA00018860 /* Release */,
			);
			defaultConfigurationIsVisible = 0;
			defaultConfigurationName = Release;
		};
		4F69D3B12FEEA3BA00018860 /* Build configuration list for PBXNativeTarget "PureNoteStudioTests" */ = {
			isa = XCConfigurationList;
			buildConfigurations = (
				4F69D3B22FEEA3BA00018860 /* Debug */,
				4F69D3B32FEEA3BA00018860 /* Release */,
			);
			defaultConfigurationIsVisible = 0;
			defaultConfigurationName = Release;
		};
		4F69D3B42FEEA3BA00018860 /* Build configuration list for PBXNativeTarget "PureNoteStudioUITests" */ = {
			isa = XCConfigurationList;
			buildConfigurations = (
				4F69D3B52FEEA3BA00018860 /* Debug */,
				4F69D3B62FEEA3BA00018860 /* Release */,
			);
			defaultConfigurationIsVisible = 0;
			defaultConfigurationName = Release;
		};
/* End XCConfigurationList section */
	};
	rootObject = 4F69D3852FEEA3B800018860 /* Project object */;
}
